
Microsoft Visual Studio Solution File, Format Version 12.00
Project("{F2A71F9B-5D33-465A-A702-920D77279786}") = "Peeps", "Peeps\Peeps.fsproj", "{EB3641A0-2C1B-41F9-AC48-F9FA6044BA48}"
EndProject
Project("{2150E333-8FDC-42A3-9474-1A3956D46DE8}") = "Documentation", "Documentation", "{4C060917-D1FA-43DA-AC09-AF64E5B36F01}"
ProjectSection(SolutionItems) = preProject
	README.md = README.md
	TODO.md = TODO.md
	fxd.json = fxd.json
EndProjectSection
EndProject
Project("{F2A71F9B-5D33-465A-A702-920D77279786}") = "Peeps.TestConsole", "Peeps.TestConsole\Peeps.TestConsole.fsproj", "{E0B42CFC-3E40-43ED-B38A-E357BCADA5E8}"
EndProject
Project("{F2A71F9B-5D33-465A-A702-920D77279786}") = "Peeps.TestWebApi", "Peeps.TestWebApi\Peeps.TestWebApi.fsproj", "{F220D0CD-1E7F-4EA3-B1D5-9EA0A45C0B63}"
EndProject
Project("{F2A71F9B-5D33-465A-A702-920D77279786}") = "Peeps.Monitoring", "Peeps.Monitoring\Peeps.Monitoring.fsproj", "{8D5F2864-28D1-47C9-98D3-24889F02324A}"
EndProject
Project("{F2A71F9B-5D33-465A-A702-920D77279786}") = "Peeps.Monitoring.Server", "Peeps.Monitoring.Server\Peeps.Monitoring.Server.fsproj", "{1CBBFA43-E9F5-46A0-9B65-13D77ECBBD12}"
EndProject
Project("{FAE04EC0-301F-11D3-BF4B-00C04F79EFBC}") = "Peeps.Monitoring.WebApp", "Peeps.Monitoring.WebApp\Peeps.Monitoring.WebApp.csproj", "{DAA9C1D6-05E6-4FF0-BE2C-54CB797AD1C6}"
EndProject
Project("{F2A71F9B-5D33-465A-A702-920D77279786}") = "Peeps.Tools", "Peeps.Tools\Peeps.Tools.fsproj", "{A543129C-674F-49C0-B7D9-6D8FF200DFCB}"
EndProject
Project("{F2A71F9B-5D33-465A-A702-920D77279786}") = "Peeps.Tools.App", "Peeps.Tools.App\Peeps.Tools.App.fsproj", "{0530403A-6D98-4D90-A5DD-56D54340EF18}"
EndProject
Global
	GlobalSection(SolutionConfigurationPlatforms) = preSolution
		Debug|Any CPU = Debug|Any CPU
		Release|Any CPU = Release|Any CPU
	EndGlobalSection
	GlobalSection(ProjectConfigurationPlatforms) = postSolution
		{EB3641A0-2C1B-41F9-AC48-F9FA6044BA48}.Debug|Any CPU.ActiveCfg = Debug|Any CPU
		{EB3641A0-2C1B-41F9-AC48-F9FA6044BA48}.Debug|Any CPU.Build.0 = Debug|Any CPU
		{EB3641A0-2C1B-41F9-AC48-F9FA6044BA48}.Release|Any CPU.ActiveCfg = Release|Any CPU
		{EB3641A0-2C1B-41F9-AC48-F9FA6044BA48}.Release|Any CPU.Build.0 = Release|Any CPU
		{E0B42CFC-3E40-43ED-B38A-E357BCADA5E8}.Debug|Any CPU.ActiveCfg = Debug|Any CPU
		{E0B42CFC-3E40-43ED-B38A-E357BCADA5E8}.Debug|Any CPU.Build.0 = Debug|Any CPU
		{E0B42CFC-3E40-43ED-B38A-E357BCADA5E8}.Release|Any CPU.ActiveCfg = Release|Any CPU
		{E0B42CFC-3E40-43ED-B38A-E357BCADA5E8}.Release|Any CPU.Build.0 = Release|Any CPU
		{F220D0CD-1E7F-4EA3-B1D5-9EA0A45C0B63}.Debug|Any CPU.ActiveCfg = Debug|Any CPU
		{F220D0CD-1E7F-4EA3-B1D5-9EA0A45C0B63}.Debug|Any CPU.Build.0 = Debug|Any CPU
		{F220D0CD-1E7F-4EA3-B1D5-9EA0A45C0B63}.Release|Any CPU.ActiveCfg = Release|Any CPU
		{F220D0CD-1E7F-4EA3-B1D5-9EA0A45C0B63}.Release|Any CPU.Build.0 = Release|Any CPU
		{8D5F2864-28D1-47C9-98D3-24889F02324A}.Debug|Any CPU.ActiveCfg = Debug|Any CPU
		{8D5F2864-28D1-47C9-98D3-24889F02324A}.Debug|Any CPU.Build.0 = Debug|Any CPU
		{8D5F2864-28D1-47C9-98D3-24889F02324A}.Release|Any CPU.ActiveCfg = Release|Any CPU
		{8D5F2864-28D1-47C9-98D3-24889F02324A}.Release|Any CPU.Build.0 = Release|Any CPU
		{1CBBFA43-E9F5-46A0-9B65-13D77ECBBD12}.Debug|Any CPU.ActiveCfg = Debug|Any CPU
		{1CBBFA43-E9F5-46A0-9B65-13D77ECBBD12}.Debug|Any CPU.Build.0 = Debug|Any CPU
		{1CBBFA43-E9F5-46A0-9B65-13D77ECBBD12}.Release|Any CPU.ActiveCfg = Release|Any CPU
		{1CBBFA43-E9F5-46A0-9B65-13D77ECBBD12}.Release|Any CPU.Build.0 = Release|Any CPU
		{DAA9C1D6-05E6-4FF0-BE2C-54CB797AD1C6}.Debug|Any CPU.ActiveCfg = Debug|Any CPU
		{DAA9C1D6-05E6-4FF0-BE2C-54CB797AD1C6}.Debug|Any CPU.Build.0 = Debug|Any CPU
		{DAA9C1D6-05E6-4FF0-BE2C-54CB797AD1C6}.Release|Any CPU.ActiveCfg = Release|Any CPU
		{DAA9C1D6-05E6-4FF0-BE2C-54CB797AD1C6}.Release|Any CPU.Build.0 = Release|Any CPU
		{A543129C-674F-49C0-B7D9-6D8FF200DFCB}.Debug|Any CPU.ActiveCfg = Debug|Any CPU
		{A543129C-674F-49C0-B7D9-6D8FF200DFCB}.Debug|Any CPU.Build.0 = Debug|Any CPU
		{A543129C-674F-49C0-B7D9-6D8FF200DFCB}.Release|Any CPU.ActiveCfg = Release|Any CPU
		{A543129C-674F-49C0-B7D9-6D8FF200DFCB}.Release|Any CPU.Build.0 = Release|Any CPU
		{0530403A-6D98-4D90-A5DD-56D54340EF18}.Debug|Any CPU.ActiveCfg = Debug|Any CPU
		{0530403A-6D98-4D90-A5DD-56D54340EF18}.Debug|Any CPU.Build.0 = Debug|Any CPU
		{0530403A-6D98-4D90-A5DD-56D54340EF18}.Release|Any CPU.ActiveCfg = Release|Any CPU
		{0530403A-6D98-4D90-A5DD-56D54340EF18}.Release|Any CPU.Build.0 = Release|Any CPU
	EndGlobalSection
	GlobalSection(NestedProjects) = preSolution
	EndGlobalSection
EndGlobal
